{
  "lockfileVersion": 1,
  "workspaces": {
    "": {
      "name": "smis-sso",
    },
    "packages/smis-sso-client": {
      "name": "@smis/sso-client",
      "version": "0.1.0",
      "devDependencies": {
        "typescript": "^5.4.0",
      },
    },
  },
  "packages": {
    "@smis/sso-client": ["@smis/sso-client@workspace:packages/smis-sso-client"],

    "typescript": ["typescript@5.9.3", "", { "bin": { "tsc": "bin/tsc", "tsserver": "bin/tsserver" } }, "sha512-jl1vZzPDinLr9eUt3J/t7V6FgNEw9QjvBPdysz9KfQDD41fQrC2Y4vKQdiaUpFT4bXlb1RHhLpp8wtm6M5TgSw=="],
  }
}
